// !$*UTF8*$!
{
	archiveVersion = 1;
	classes = {
	};
	objectVersion = 46;
	objects = {

/* Begin PBXBuildFile section */
		39BE896619104BDE004F72FA /* Foundation.framework in Frameworks */ = {isa = PBXBuildFile; fileRef = 39BE896519104BDE004F72FA /* Foundation.framework */; };
		39BE896819104BDE004F72FA /* CoreGraphics.framework in Frameworks */ = {isa = PBXBuildFile; fileRef = 39BE896719104BDE004F72FA /* CoreGraphics.framework */; };
		39BE896A19104BDE004F72FA /* UIKit.framework in Frameworks */ = {isa = PBXBuildFile; fileRef = 39BE896919104BDE004F72FA /* UIKit.framework */; };
		39BE897019104BDE004F72FA /* InfoPlist.strings in Resources */ = {isa = PBXBuildFile; fileRef = 39BE896E19104BDE004F72FA /* InfoPlist.strings */; };
		39BE897219104BDE004F72FA /* main.m in Sources */ = {isa = PBXBuildFile; fileRef = 39BE897119104BDE004F72FA /* main.m */; };
		39BE897619104BDE004F72FA /* AppDelegate.m in Sources */ = {isa = PBXBuildFile; fileRef = 39BE897519104BDE004F72FA /* AppDelegate.m */; };
		39BE897919104BDE004F72FA /* Main.storyboard in Resources */ = {isa = PBXBuildFile; fileRef = 39BE897719104BDE004F72FA /* Main.storyboard */; };
		39BE897C19104BDE004F72FA /* ViewController.m in Sources */ = {isa = PBXBuildFile; fileRef = 39BE897B19104BDE004F72FA /* ViewController.m */; };
		39BE897E19104BDE004F72FA /* Images.xcassets in Resources */ = {isa = PBXBuildFile; fileRef = 39BE897D19104BDE004F72FA /* Images.xcassets */; };
		39BE898519104BDE004F72FA /* XCTest.framework in Frameworks */ = {isa = PBXBuildFile; fileRef = 39BE898419104BDE004F72FA /* XCTest.framework */; };
		39BE898619104BDE004F72FA /* Foundation.framework in Frameworks */ = {isa = PBXBuildFile; fileRef = 39BE896519104BDE004F72FA /* Foundation.framework */; };
		39BE898719104BDE004F72FA /* UIKit.framework in Frameworks */ = {isa = PBXBuildFile; fileRef = 39BE896919104BDE004F72FA /* UIKit.framework */; };
		39BE898F19104BDE004F72FA /* InfoPlist.strings in Resources */ = {isa = PBXBuildFile; fileRef = 39BE898D19104BDE004F72FA /* InfoPlist.strings */; };
		39BE899119104BDE004F72FA /* CalculatorTests.m in Sources */ = {isa = PBXBuildFile; fileRef = 39BE899019104BDE004F72FA /* CalculatorTests.m */; };
/* End PBXBuildFile section */

/* Begin PBXContainerItemProxy section */
		39BE898819104BDE004F72FA /* PBXContainerItemProxy */ = {
			isa = PBXContainerItemProxy;
			containerPortal = 39BE895A19104BDE004F72FA /* Project object */;
			proxyType = 1;
			remoteGlobalIDString = 39BE896119104BDE004F72FA;
			remoteInfo = Calculator;
		};
/* End PBXContainerItemProxy section */

/* Begin PBXFileReference section */
		39BE896219104BDE004F72FA /* MintyCalc.app */ = {isa = PBXFileReference; explicitFileType = wrapper.application; includeInIndex = 0; path = MintyCalc.app; sourceTree = BUILT_PRODUCTS_DIR; };
		39BE896519104BDE004F72FA /* Foundation.framework */ = {isa = PBXFileReference; lastKnownFileType = wrapper.framework; name = Foundation.framework; path = System/Library/Frameworks/Foundation.framework; sourceTree = SDKROOT; };
		39BE896719104BDE004F72FA /* CoreGraphics.framework */ = {isa = PBXFileReference; lastKnownFileType = wrapper.framework; name = CoreGraphics.framework; path = System/Library/Frameworks/CoreGraphics.framework; sourceTree = SDKROOT; };
		39BE896919104BDE004F72FA /* UIKit.framework */ = {isa = PBXFileReference; lastKnownFileType = wrapper.framework; name = UIKit.framework; path = System/Library/Frameworks/UIKit.framework; sourceTree = SDKROOT; };
		39BE896D19104BDE004F72FA /* MintyCalc-Info.plist */ = {isa = PBXFileReference; lastKnownFileType = text.plist.xml; path = "MintyCalc-Info.plist"; sourceTree = "<group>"; };
		39BE896F19104BDE004F72FA /* en */ = {isa = PBXFileReference; lastKnownFileType = text.plist.strings; name = en; path = en.lproj/InfoPlist.strings; sourceTree = "<group>"; };
		39BE897119104BDE004F72FA /* main.m */ = {isa = PBXFileReference; lastKnownFileType = sourcecode.c.objc; path = main.m; sourceTree = "<group>"; };
		39BE897319104BDE004F72FA /* MintyCalc-Prefix.pch */ = {isa = PBXFileReference; lastKnownFileType = sourcecode.c.h; path = "MintyCalc-Prefix.pch"; sourceTree = "<group>"; };
		39BE897419104BDE004F72FA /* AppDelegate.h */ = {isa = PBXFileReference; lastKnownFileType = sourcecode.c.h; path = AppDelegate.h; sourceTree = "<group>"; };
		39BE897519104BDE004F72FA /* AppDelegate.m */ = {isa = PBXFileReference; lastKnownFileType = sourcecode.c.objc; path = AppDelegate.m; sourceTree = "<group>"; };
		39BE897819104BDE004F72FA /* Base */ = {isa = PBXFileReference; lastKnownFileType = file.storyboard; name = Base; path = Base.lproj/Main.storyboard; sourceTree = "<group>"; };
		39BE897A19104BDE004F72FA /* ViewController.h */ = {isa = PBXFileReference; lastKnownFileType = sourcecode.c.h; path = ViewController.h; sourceTree = "<group>"; };
		39BE897B19104BDE004F72FA /* ViewController.m */ = {isa = PBXFileReference; lastKnownFileType = sourcecode.c.objc; path = ViewController.m; sourceTree = "<group>"; };
		39BE897D19104BDE004F72FA /* Images.xcassets */ = {isa = PBXFileReference; lastKnownFileType = folder.assetcatalog; path = Images.xcassets; sourceTree = "<group>"; };
		39BE898319104BDE004F72FA /* MintyCalcTests.xctest */ = {isa = PBXFileReference; explicitFileType = wrapper.cfbundle; includeInIndex = 0; path = MintyCalcTests.xctest; sourceTree = BUILT_PRODUCTS_DIR; };
		39BE898419104BDE004F72FA /* XCTest.framework */ = {isa = PBXFileReference; lastKnownFileType = wrapper.framework; name = XCTest.framework; path = Library/Frameworks/XCTest.framework; sourceTree = DEVELOPER_DIR; };
		39BE898C19104BDE004F72FA /* MintyCalcTests-Info.plist */ = {isa = PBXFileReference; lastKnownFileType = text.plist.xml; path = "MintyCalcTests-Info.plist"; sourceTree = "<group>"; };
		39BE898E19104BDE004F72FA /* en */ = {isa = PBXFileReference; lastKnownFileType = text.plist.strings; name = en; path = en.lproj/InfoPlist.strings; sourceTree = "<group>"; };
		39BE899019104BDE004F72FA /* CalculatorTests.m */ = {isa = PBXFileReference; lastKnownFileType = sourcecode.c.objc; path = CalculatorTests.m; sourceTree = "<group>"; };
/* End PBXFileReference section */

/* Begin PBXFrameworksBuildPhase section */
		39BE895F19104BDE004F72FA /* Frameworks */ = {
			isa = PBXFrameworksBuildPhase;
			buildActionMask = 2147483647;
			files = (
				39BE896819104BDE004F72FA /* CoreGraphics.framework in Frameworks */,
				39BE896A19104BDE004F72FA /* UIKit.framework in Frameworks */,
				39BE896619104BDE004F72FA /* Foundation.framework in Frameworks */,
			);
			runOnlyForDeploymentPostprocessing = 0;
		};
		39BE898019104BDE004F72FA /* Frameworks */ = {
			isa = PBXFrameworksBuildPhase;
			buildActionMask = 2147483647;
			files = (
				39BE898519104BDE004F72FA /* XCTest.framework in Frameworks */,
				39BE898719104BDE004F72FA /* UIKit.framework in Frameworks */,
				39BE898619104BDE004F72FA /* Foundation.framework in Frameworks */,
			);
			runOnlyForDeploymentPostprocessing = 0;
		};
/* End PBXFrameworksBuildPhase section */

/* Begin PBXGroup section */
		39BE895919104BDE004F72FA = {
			isa = PBXGroup;
			children = (
				39BE896B19104BDE004F72FA /* Calculator */,
				39BE898A19104BDE004F72FA /* CalculatorTests */,
				39BE896419104BDE004F72FA /* Frameworks */,
				39BE896319104BDE004F72FA /* Products */,
			);
			sourceTree = "<group>";
		};
		39BE896319104BDE004F72FA /* Products */ = {
			isa = PBXGroup;
			children = (
				39BE896219104BDE004F72FA /* MintyCalc.app */,
				39BE898319104BDE004F72FA /* MintyCalcTests.xctest */,
			);
			name = Products;
			sourceTree = "<group>";
		};
		39BE896419104BDE004F72FA /* Frameworks */ = {
			isa = PBXGroup;
			children = (
				39BE896519104BDE004F72FA /* Foundation.framework */,
				39BE896719104BDE004F72FA /* CoreGraphics.framework */,
				39BE896919104BDE004F72FA /* UIKit.framework */,
				39BE898419104BDE004F72FA /* XCTest.framework */,
			);
			name = Frameworks;
			sourceTree = "<group>";
		};
		39BE896B19104BDE004F72FA /* Calculator */ = {
			isa = PBXGroup;
			children = (
				39BE897419104BDE004F72FA /* AppDelegate.h */,
				39BE897519104BDE004F72FA /* AppDelegate.m */,
				39BE897719104BDE004F72FA /* Main.storyboard */,
				39BE897A19104BDE004F72FA /* ViewController.h */,
				39BE897B19104BDE004F72FA /* ViewController.m */,
				39BE897D19104BDE004F72FA /* Images.xcassets */,
				39BE896C19104BDE004F72FA /* Supporting Files */,
			);
			path = Calculator;
			sourceTree = "<group>";
		};
		39BE896C19104BDE004F72FA /* Supporting Files */ = {
			isa = PBXGroup;
			children = (
				39BE896D19104BDE004F72FA /* MintyCalc-Info.plist */,
				39BE896E19104BDE004F72FA /* InfoPlist.strings */,
				39BE897119104BDE004F72FA /* main.m */,
				39BE897319104BDE004F72FA /* MintyCalc-Prefix.pch */,
			);
			name = "Supporting Files";
			sourceTree = "<group>";
		};
		39BE898A19104BDE004F72FA /* CalculatorTests */ = {
			isa = PBXGroup;
			children = (
				39BE899019104BDE004F72FA /* CalculatorTests.m */,
				39BE898B19104BDE004F72FA /* Supporting Files */,
			);
			path = CalculatorTests;
			sourceTree = "<group>";
		};
		39BE898B19104BDE004F72FA /* Supporting Files */ = {
			isa = PBXGroup;
			children = (
				39BE898C19104BDE004F72FA /* MintyCalcTests-Info.plist */,
				39BE898D19104BDE004F72FA /* InfoPlist.strings */,
			);
			name = "Supporting Files";
			sourceTree = "<group>";
		};
/* End PBXGroup section */

/* Begin PBXNativeTarget section */
		39BE896119104BDE004F72FA /* MintyCalc */ = {
			isa = PBXNativeTarget;
			buildConfigurationList = 39BE899419104BDE004F72FA /* Build configuration list for PBXNativeTarget "MintyCalc" */;
			buildPhases = (
				39BE895E19104BDE004F72FA /* Sources */,
				39BE895F19104BDE004F72FA /* Frameworks */,
				39BE896019104BDE004F72FA /* Resources */,
			);
			buildRules = (
			);
			dependencies = (
			);
			name = MintyCalc;
			productName = Calculator;
			productReference = 39BE896219104BDE004F72FA /* MintyCalc.app */;
			productType = "com.apple.product-type.application";
		};
		39BE898219104BDE004F72FA /* MintyCalcTests */ = {
			isa = PBXNativeTarget;
			buildConfigurationList = 39BE899719104BDE004F72FA /* Build configuration list for PBXNativeTarget "MintyCalcTests" */;
			buildPhases = (
				39BE897F19104BDE004F72FA /* Sources */,
				39BE898019104BDE004F72FA /* Frameworks */,
				39BE898119104BDE004F72FA /* Resources */,
			);
			buildRules = (
			);
			dependencies = (
				39BE898919104BDE004F72FA /* PBXTargetDependency */,
			);
			name = MintyCalcTests;
			productName = CalculatorTests;
			productReference = 39BE898319104BDE004F72FA /* MintyCalcTests.xctest */;
			productType = "com.apple.product-type.bundle.unit-test";
		};
/* End PBXNativeTarget section */

/* Begin PBXProject section */
		39BE895A19104BDE004F72FA /* Project object */ = {
			isa = PBXProject;
			attributes = {
				LastUpgradeCheck = 0510;
				ORGANIZATIONNAME = "Justin Alm";
				TargetAttributes = {
					39BE898219104BDE004F72FA = {
						TestTargetID = 39BE896119104BDE004F72FA;
					};
				};
			};
			buildConfigurationList = 39BE895D19104BDE004F72FA /* Build configuration list for PBXProject "MintyCalc" */;
			compatibilityVersion = "Xcode 3.2";
			developmentRegion = English;
			hasScannedForEncodings = 0;
			knownRegions = (
				en,
				Base,
			);
			mainGroup = 39BE895919104BDE004F72FA;
			productRefGroup = 39BE896319104BDE004F72FA /* Products */;
			projectDirPath = "";
			projectRoot = "";
			targets = (
				39BE896119104BDE004F72FA /* MintyCalc */,
				39BE898219104BDE004F72FA /* MintyCalcTests */,
			);
		};
/* End PBXProject section */

/* Begin PBXResourcesBuildPhase section */
		39BE896019104BDE004F72FA /* Resources */ = {
			isa = PBXResourcesBuildPhase;
			buildActionMask = 2147483647;
			files = (
				39BE897E19104BDE004F72FA /* Images.xcassets in Resources */,
				39BE897019104BDE004F72FA /* InfoPlist.strings in Resources */,
				39BE897919104BDE004F72FA /* Main.storyboard in Resources */,
			);
			runOnlyForDeploymentPostprocessing = 0;
		};
		39BE898119104BDE004F72FA /* Resources */ = {
			isa = PBXResourcesBuildPhase;
			buildActionMask = 2147483647;
			files = (
				39BE898F19104BDE004F72FA /* InfoPlist.strings in Resources */,
			);
			runOnlyForDeploymentPostprocessing = 0;
		};
/* End PBXResourcesBuildPhase section */

/* Begin PBXSourcesBuildPhase section */
		39BE895E19104BDE004F72FA /* Sources */ = {
			isa = PBXSourcesBuildPhase;
			buildActionMask = 2147483647;
			files = (
				39BE897C19104BDE004F72FA /* ViewController.m in Sources */,
				39BE897619104BDE004F72FA /* AppDelegate.m in Sources */,
				39BE897219104BDE004F72FA /* main.m in Sources */,
			);
			runOnlyForDeploymentPostprocessing = 0;
		};
		39BE897F19104BDE004F72FA /* Sources */ = {
			isa = PBXSourcesBuildPhase;
			buildActionMask = 2147483647;
			files = (
				39BE899119104BDE004F72FA /* CalculatorTests.m in Sources */,
			);
			runOnlyForDeploymentPostprocessing = 0;
		};
/* End PBXSourcesBuildPhase section */

/* Begin PBXTargetDependency section */
		39BE898919104BDE004F72FA /* PBXTargetDependency */ = {
			isa = PBXTargetDependency;
			target = 39BE896119104BDE004F72FA /* MintyCalc */;
			targetProxy = 39BE898819104BDE004F72FA /* PBXContainerItemProxy */;
		};
/* End PBXTargetDependency section */

/* Begin PBXVariantGroup section */
		39BE896E19104BDE004F72FA /* InfoPlist.strings */ = {
			isa = PBXVariantGroup;
			children = (
				39BE896F19104BDE004F72FA /* en */,
			);
			name = InfoPlist.strings;
			sourceTree = "<group>";
		};
		39BE897719104BDE004F72FA /* Main.storyboard */ = {
			isa = PBXVariantGroup;
			children = (
				39BE897819104BDE004F72FA /* Base */,
			);
			name = Main.storyboard;
			sourceTree = "<group>";
		};
		39BE898D19104BDE004F72FA /* InfoPlist.strings */ = {
			isa = PBXVariantGroup;
			children = (
				39BE898E19104BDE004F72FA /* en */,
			);
			name = InfoPlist.strings;
			sourceTree = "<group>";
		};
/* End PBXVariantGroup section */

/* Begin XCBuildConfiguration section */
		39BE899219104BDE004F72FA /* Debug */ = {
			isa = XCBuildConfiguration;
			buildSettings = {
				ALWAYS_SEARCH_USER_PATHS = NO;
				CLANG_CXX_LANGUAGE_STANDARD = "gnu++0x";
				CLANG_CXX_LIBRARY = "libc++";
				CLANG_ENABLE_MODULES = YES;
				CLANG_ENABLE_OBJC_ARC = YES;
				CLANG_WARN_BOOL_CONVERSION = YES;
				CLANG_WARN_CONSTANT_CONVERSION = YES;
				CLANG_WARN_DIRECT_OBJC_ISA_USAGE = YES_ERROR;
				CLANG_WARN_EMPTY_BODY = YES;
				CLANG_WARN_ENUM_CONVERSION = YES;
				CLANG_WARN_INT_CONVERSION = YES;
				CLANG_WARN_OBJC_ROOT_CLASS = YES_ERROR;
				CLANG_WARN__DUPLICATE_METHOD_MATCH = YES;
				"CODE_SIGN_IDENTITY[sdk=iphoneos*]" = "iPhone Developer";
				COPY_PHASE_STRIP = NO;
				GCC_C_LANGUAGE_STANDARD = gnu99;
				GCC_DYNAMIC_NO_PIC = NO;
				GCC_OPTIMIZATION_LEVEL = 0;
				GCC_PREPROCESSOR_DEFINITIONS = (
					"DEBUG=1",
					"$(inherited)",
				);
				GCC_SYMBOLS_PRIVATE_EXTERN = NO;
				GCC_WARN_64_TO_32_BIT_CONVERSION = YES;
				GCC_WARN_ABOUT_RETURN_TYPE = YES_ERROR;
				GCC_WARN_UNDECLARED_SELECTOR = YES;
				GCC_WARN_UNINITIALIZED_AUTOS = YES_AGGRESSIVE;
				GCC_WARN_UNUSED_FUNCTION = YES;
				GCC_WARN_UNUSED_VARIABLE = YES;
				IPHONEOS_DEPLOYMENT_TARGET = 7.1;
				ONLY_ACTIVE_ARCH = YES;
				SDKROOT = iphoneos;
			};
			name = Debug;
		};
		39BE899319104BDE004F72FA /* Release */ = {
			isa = XCBuildConfiguration;
			buildSettings = {
				ALWAYS_SEARCH_USER_PATHS = NO;
				CLANG_CXX_LANGUAGE_STANDARD = "gnu++0x";
				CLANG_CXX_LIBRARY = "libc++";
				CLANG_ENABLE_MODULES = YES;
				CLANG_ENABLE_OBJC_ARC = YES;
				CLANG_WARN_BOOL_CONVERSION = YES;
				CLANG_WARN_CONSTANT_CONVERSION = YES;
				CLANG_WARN_DIRECT_OBJC_ISA_USAGE = YES_ERROR;
				CLANG_WARN_EMPTY_BODY = YES;
				CLANG_WARN_ENUM_CONVERSION = YES;
				CLANG_WARN_INT_CONVERSION = YES;
				CLANG_WARN_OBJC_ROOT_CLASS = YES_ERROR;
				CLANG_WARN__DUPLICATE_METHOD_MATCH = YES;
				"CODE_SIGN_IDENTITY[sdk=iphoneos*]" = "iPhone Developer";
				COPY_PHASE_STRIP = YES;
				ENABLE_NS_ASSERTIONS = NO;
				GCC_C_LANGUAGE_STANDARD = gnu99;
				GCC_WARN_64_TO_32_BIT_CONVERSION = YES;
				GCC_WARN_ABOUT_RETURN_TYPE = YES_ERROR;
				GCC_WARN_UNDECLARED_SELECTOR = YES;
				GCC_WARN_UNINITIALIZED_AUTOS = YES_AGGRESSIVE;
				GCC_WARN_UNUSED_FUNCTION = YES;
				GCC_WARN_UNUSED_VARIABLE = YES;
				IPHONEOS_DEPLOYMENT_TARGET = 7.1;
				SDKROOT = iphoneos;
				VALIDATE_PRODUCT = YES;
			};
			name = Release;
		};
		39BE899519104BDE004F72FA /* Debug */ = {
			isa = XCBuildConfiguration;
			buildSettings = {
				ASSETCATALOG_COMPILER_APPICON_NAME = AppIcon;
				ASSETCATALOG_COMPILER_LAUNCHIMAGE_NAME = LaunchImage;
				GCC_PRECOMPILE_PREFIX_HEADER = YES;
				GCC_PREFIX_HEADER = "Calculator/MintyCalc-Prefix.pch";
				INFOPLIST_FILE = "Calculator/MintyCalc-Info.plist";
				PRODUCT_NAME = MintyCalc;
				TARGETED_DEVICE_FAMILY = 1;
				WRAPPER_EXTENSION = app;
			};
			name = Debug;
		};
		39BE899619104BDE004F72FA /* Release */ = {
			isa = XCBuildConfiguration;
			buildSettings = {
				ASSETCATALOG_COMPILER_APPICON_NAME = AppIcon;
				ASSETCATALOG_COMPILER_LAUNCHIMAGE_NAME = LaunchImage;
				GCC_PRECOMPILE_PREFIX_HEADER = YES;
				GCC_PREFIX_HEADER = "Calculator/MintyCalc-Prefix.pch";
				INFOPLIST_FILE = "Calculator/MintyCalc-Info.plist";
				PRODUCT_NAME = MintyCalc;
				TARGETED_DEVICE_FAMILY = 1;
				WRAPPER_EXTENSION = app;
			};
			name = Release;
		};
		39BE899819104BDE004F72FA /* Debug */ = {
			isa = XCBuildConfiguration;
			buildSettings = {
				BUNDLE_LOADER = "$(BUILT_PRODUCTS_DIR)/Calculator.app/Calculator";
				FRAMEWORK_SEARCH_PATHS = (
					"$(SDKROOT)/Developer/Library/Frameworks",
					"$(inherited)",
					"$(DEVELOPER_FRAMEWORKS_DIR)",
				);
				GCC_PRECOMPILE_PREFIX_HEADER = YES;
				GCC_PREFIX_HEADER = "Calculator/Calculator-Prefix.pch";
				GCC_PREPROCESSOR_DEFINITIONS = (
					"DEBUG=1",
					"$(inherited)",
				);
				INFOPLIST_FILE = "CalculatorTests/MintyCalcTests-Info.plist";
				PRODUCT_NAME = MintyCalcTests;
				TEST_HOST = "$(BUNDLE_LOADER)";
				WRAPPER_EXTENSION = xctest;
			};
			name = Debug;
		};
		39BE899919104BDE004F72FA /* Release */ = {
			isa = XCBuildConfiguration;
			buildSettings = {
				BUNDLE_LOADER = "$(BUILT_PRODUCTS_DIR)/Calculator.app/Calculator";
				FRAMEWORK_SEARCH_PATHS = (
					"$(SDKROOT)/Developer/Library/Frameworks",
					"$(inherited)",
					"$(DEVELOPER_FRAMEWORKS_DIR)",
				);
				GCC_PRECOMPILE_PREFIX_HEADER = YES;
				GCC_PREFIX_HEADER = "Calculator/Calculator-Prefix.pch";
				INFOPLIST_FILE = "CalculatorTests/MintyCalcTests-Info.plist";
				PRODUCT_NAME = MintyCalcTests;
				TEST_HOST = "$(BUNDLE_LOADER)";
				WRAPPER_EXTENSION = xctest;
			};
			name = Release;
		};
/* End XCBuildConfiguration section */

/* Begin XCConfigurationList section */
		39BE895D19104BDE004F72FA /* Build configuration list for PBXProject "MintyCalc" */ = {
			isa = XCConfigurationList;
			buildConfigurations = (
				39BE899219104BDE004F72FA /* Debug */,
				39BE899319104BDE004F72FA /* Release */,
			);
			defaultConfigurationIsVisible = 0;
			defaultConfigurationName = Release;
		};
		39BE899419104BDE004F72FA /* Build configuration list for PBXNativeTarget "MintyCalc" */ = {
			isa = XCConfigurationList;
			buildConfigurations = (
				39BE899519104BDE004F72FA /* Debug */,
				39BE899619104BDE004F72FA /* Release */,
			);
			defaultConfigurationIsVisible = 0;
		};
		39BE899719104BDE004F72FA /* Build configuration list for PBXNativeTarget "MintyCalcTests" */ = {
			isa = XCConfigurationList;
			buildConfigurations = (
				39BE899819104BDE004F72FA /* Debug */,
				39BE899919104BDE004F72FA /* Release */,
			);
			defaultConfigurationIsVisible = 0;
		};
/* End XCConfigurationList section */
	};
	rootObject = 39BE895A19104BDE004F72FA /* Project object */;
}
